Microsoft Visual Studio Solution File, Format Version 12.00
# Visual Studio Version 17
VisualStudioVersion = 17.4.33110.190
MinimumVisualStudioVersion = 10.0.40219.1
Project("{9A19103F-16F7-4668-BE54-9A1E7A4F7556}") = "NebulaPlugin", "Nebula\NebulaPlugin.csproj", "{A700F889-7DDD-40BD-8375-1145CA84AA78}"
EndProject
Project("{FAE04EC0-301F-11D3-BF4B-00C04F79EFBC}") = "CPUAffinityEditor", "CPUAffinityEditor\CPUAffinityEditor.csproj", "{BAB59E0C-F39B-4DC5-8C3F-0519DE5BB418}"
EndProject
Project("{FAE04EC0-301F-11D3-BF4B-00C04F79EFBC}") = "NebulaPluginNova", "NebulaPluginNova\NebulaPluginNova.csproj", "{2412DC6B-C621-45B1-AB38-DDD784712818}"
EndProject
Global
	GlobalSection(SolutionConfigurationPlatforms) = preSolution
		Debug|Any CPU = Debug|Any CPU
		Release|Any CPU = Release|Any CPU
	EndGlobalSection
	GlobalSection(ProjectConfigurationPlatforms) = postSolution
		{A700F889-7DDD-40BD-8375-1145CA84AA78}.Debug|Any CPU.ActiveCfg = Debug|Any CPU
		{A700F889-7DDD-40BD-8375-1145CA84AA78}.Debug|Any CPU.Build.0 = Debug|Any CPU
		{A700F889-7DDD-40BD-8375-1145CA84AA78}.Release|Any CPU.ActiveCfg = Release|Any CPU
		{A700F889-7DDD-40BD-8375-1145CA84AA78}.Release|Any CPU.Build.0 = Release|Any CPU
		{BAB59E0C-F39B-4DC5-8C3F-0519DE5BB418}.Debug|Any CPU.ActiveCfg = Debug|Any CPU
		{BAB59E0C-F39B-4DC5-8C3F-0519DE5BB418}.Debug|Any CPU.Build.0 = Debug|Any CPU
		{BAB59E0C-F39B-4DC5-8C3F-0519DE5BB418}.Release|Any CPU.ActiveCfg = Release|Any CPU
		{BAB59E0C-F39B-4DC5-8C3F-0519DE5BB418}.Release|Any CPU.Build.0 = Release|Any CPU
		{2412DC6B-C621-45B1-AB38-DDD784712818}.Debug|Any CPU.ActiveCfg = Debug|Any CPU
		{2412DC6B-C621-45B1-AB38-DDD784712818}.Debug|Any CPU.Build.0 = Debug|Any CPU
		{2412DC6B-C621-45B1-AB38-DDD784712818}.Release|Any CPU.ActiveCfg = Release|Any CPU
		{2412DC6B-C621-45B1-AB38-DDD784712818}.Release|Any CPU.Build.0 = Release|Any CPU
	EndGlobalSection
	GlobalSection(SolutionProperties) = preSolution
		HideSolutionNode = FALSE
	EndGlobalSection
	GlobalSection(ExtensibilityGlobals) = postSolution
		SolutionGuid = {67A15B2D-EDDC-4746-932B-AA22B6AE0EE0}
	EndGlobalSection
EndGlobal
